
Microsoft Visual Studio Solution File, Format Version 12.00
# Visual Studio Version 17
VisualStudioVersion = 17.9.34607.119
MinimumVisualStudioVersion = 10.0.40219.1
Project("{2150E333-8FDC-42A3-9474-1A3956D46DE8}") = "Syntax", "Syntax", "{7F510542-6399-4FDA-A255-6EB8B28BA098}"
EndProject
Project("{9A19103F-16F7-4668-BE54-9A1E7A4F7556}") = "QuerySyntax", "Syntax\QuerySyntax\QuerySyntax.csproj", "{033B6468-D8FB-48A5-9D2C-AE950F0A3A84}"
EndProject
Project("{9A19103F-16F7-4668-BE54-9A1E7A4F7556}") = "MethodSyntax", "Syntax\MethodSyntax\MethodSyntax.csproj", "{8D19A0C0-0FD5-4A45-A51B-4AE98E246792}"
EndProject
Project("{9A19103F-16F7-4668-BE54-9A1E7A4F7556}") = "MixedSyntax", "Syntax\MixedSyntax\MixedSyntax.csproj", "{9753ECA6-D9A3-4BE2-9D4F-621192FB2EAE}"
EndProject
Project("{2150E333-8FDC-42A3-9474-1A3956D46DE8}") = "QueryTypes", "QueryTypes", "{A674B017-05DB-47B0-B0B8-DD2DD60ADF06}"
EndProject
Project("{2150E333-8FDC-42A3-9474-1A3956D46DE8}") = "LinqOperators", "LinqOperators", "{EBA01AA4-1F62-448E-836F-D6325C24DC4A}"
EndProject
Project("{2150E333-8FDC-42A3-9474-1A3956D46DE8}") = "SetOperators", "SetOperators", "{3F20C6D3-FE60-4A6F-824B-ACF78627869A}"
EndProject
Project("{2150E333-8FDC-42A3-9474-1A3956D46DE8}") = "FilterOperators", "FilterOperators", "{273212B4-6329-4824-B3DD-151F97EA9EDE}"
EndProject
Project("{2150E333-8FDC-42A3-9474-1A3956D46DE8}") = "Projection", "Projection", "{F7296110-B879-433F-B454-9968AEF7CF42}"
EndProject
Project("{9A19103F-16F7-4668-BE54-9A1E7A4F7556}") = "Where", "LinqOperators\FilterOperators\Where\Where.csproj", "{CEAFC538-DAB5-493F-A4F9-862487C01538}"
EndProject
Project("{9A19103F-16F7-4668-BE54-9A1E7A4F7556}") = "OfType", "LinqOperators\FilterOperators\OfType\OfType.csproj", "{907CF7FE-19C1-497D-A2C3-DADDFB243F9D}"
EndProject
Project("{9A19103F-16F7-4668-BE54-9A1E7A4F7556}") = "SelectMany", "LinqOperators\ProjectionOperators\SelectMany\SelectMany.csproj", "{A2D6D2D8-4F30-40E4-83D3-851D281EFDE5}"
EndProject
Project("{9A19103F-16F7-4668-BE54-9A1E7A4F7556}") = "Select", "LinqOperators\ProjectionOperators\Select\Select.csproj", "{1C10A4AB-1D81-43A0-9D66-EE9FA4161E74}"
EndProject
Project("{9A19103F-16F7-4668-BE54-9A1E7A4F7556}") = "Distinct", "LinqOperators\SetOperators\Distinct\Distinct.csproj", "{F4A45665-79F4-4AAA-A705-4F969814B184}"
EndProject
Project("{9A19103F-16F7-4668-BE54-9A1E7A4F7556}") = "IEnumerable", "QueryTypes\IEnumerable\IEnumerable.csproj", "{A3A249EA-9311-494D-89C4-1BC9E1924C03}"
EndProject
Project("{9A19103F-16F7-4668-BE54-9A1E7A4F7556}") = "IQueryable", "QueryTypes\IQueryable\IQueryable.csproj", "{8548F493-B87D-43E6-ABC6-EB7E0E865E73}"
EndProject
Project("{9A19103F-16F7-4668-BE54-9A1E7A4F7556}") = "Intersection", "LinqOperators\SetOperators\Intersection\Intersection.csproj", "{A0FDF2CA-781E-4548-B91D-895650095CE5}"
EndProject
Project("{9A19103F-16F7-4668-BE54-9A1E7A4F7556}") = "Except", "LinqOperators\SetOperators\Except\Except.csproj", "{BCD47908-A69D-49C6-BF8F-B35EFD06AD04}"
EndProject
Project("{9A19103F-16F7-4668-BE54-9A1E7A4F7556}") = "Union", "LinqOperators\SetOperators\Union\Union.csproj", "{9138E2E8-F3DB-40C2-8328-6807468F4334}"
EndProject
Project("{9A19103F-16F7-4668-BE54-9A1E7A4F7556}") = "Concat", "LinqOperators\SetOperators\Concat\Concat.csproj", "{2F80AACE-C8C1-4950-A2A0-B8682AD4FAA5}"
EndProject
Project("{2150E333-8FDC-42A3-9474-1A3956D46DE8}") = "OrderingOperators", "OrderingOperators", "{584FB889-D61F-42C3-853C-5FDB9A6F2F7E}"
EndProject
Project("{9A19103F-16F7-4668-BE54-9A1E7A4F7556}") = "OrderBy", "LinqOperators\OrderingOperators\OrderBy\OrderBy.csproj", "{D387B102-9BF1-46D2-A54A-042AAF98858F}"
EndProject
Project("{9A19103F-16F7-4668-BE54-9A1E7A4F7556}") = "OrderByDecreasing", "LinqOperators\OrderingOperators\OrderByDecreasing\OrderByDecreasing.csproj", "{F87AE92D-CDF2-4B24-94F2-76643014A35E}"
EndProject
Project("{9A19103F-16F7-4668-BE54-9A1E7A4F7556}") = "ThenBy", "LinqOperators\OrderingOperators\ThenBy\ThenBy.csproj", "{BCAF1231-0263-404C-B9D9-F7FF38675F57}"
EndProject
Project("{9A19103F-16F7-4668-BE54-9A1E7A4F7556}") = "ThenByDescending", "LinqOperators\OrderingOperators\ThenByDescending\ThenByDescending.csproj", "{6DB90CAB-E344-4E60-8B0B-F1FBD756D53F}"
EndProject
Project("{2150E333-8FDC-42A3-9474-1A3956D46DE8}") = "AggregateOperators", "AggregateOperators", "{3B6DEBEC-B1CF-4AB2-8BDE-D34AE0EDD8C4}"
EndProject
Project("{9A19103F-16F7-4668-BE54-9A1E7A4F7556}") = "Sum", "LinqOperators\AggregateOperators\Sum\Sum.csproj", "{3A3740B6-6562-43DB-8490-2A73F0C2E22D}"
EndProject
Project("{9A19103F-16F7-4668-BE54-9A1E7A4F7556}") = "Max", "LinqOperators\AggregateOperators\Max\Max.csproj", "{6A464C48-40C0-4771-9251-599639BEC7E7}"
EndProject
Project("{9A19103F-16F7-4668-BE54-9A1E7A4F7556}") = "Min", "LinqOperators\AggregateOperators\Min\Min.csproj", "{323110E5-BCDF-4D53-915D-28C24373E93D}"
EndProject
Project("{9A19103F-16F7-4668-BE54-9A1E7A4F7556}") = "Average", "LinqOperators\AggregateOperators\Average\Average.csproj", "{948CB28B-7039-4AAF-89E1-6CBA3731B8D3}"
EndProject
Project("{9A19103F-16F7-4668-BE54-9A1E7A4F7556}") = "Count", "LinqOperators\AggregateOperators\Count\Count.csproj", "{2BECCD58-0D69-4D77-B83D-31AF0AEB0D91}"
EndProject
Project("{9A19103F-16F7-4668-BE54-9A1E7A4F7556}") = "Aggregate", "LinqOperators\Aggregate\Aggregate.csproj", "{AE512C67-E282-4BF7-B343-5210936041CB}"
EndProject
Project("{2150E333-8FDC-42A3-9474-1A3956D46DE8}") = "QuantifiersOperators", "QuantifiersOperators", "{E6736DE5-A73B-4C0E-A6E1-2CA76EA22514}"
EndProject
Project("{9A19103F-16F7-4668-BE54-9A1E7A4F7556}") = "Any", "LinqOperators\QuantifiersOperators\Any\Any.csproj", "{D1498E89-3A4F-43FC-B629-180F5E961C63}"
EndProject
Project("{9A19103F-16F7-4668-BE54-9A1E7A4F7556}") = "All", "LinqOperators\QuantifiersOperators\All\All.csproj", "{0C17DB9D-1871-4892-B09C-5456D4DBD1BB}"
EndProject
Project("{9A19103F-16F7-4668-BE54-9A1E7A4F7556}") = "Contains", "LinqOperators\QuantifiersOperators\Contains\Contains.csproj", "{5E8303B3-6F14-4C29-9C54-4BF10D9108EF}"
EndProject
Project("{9A19103F-16F7-4668-BE54-9A1E7A4F7556}") = "Pagination", "Pagination\Pagination.csproj", "{8F89CBD5-BE55-4EA1-939F-B1C07D381E6E}"
EndProject
Project("{2150E333-8FDC-42A3-9474-1A3956D46DE8}") = "Joins", "Joins", "{5932B6A4-6D7F-4A82-BFBB-FCA083A71269}"
EndProject
Project("{9A19103F-16F7-4668-BE54-9A1E7A4F7556}") = "InnerJoin", "Joins\InnerJoin\InnerJoin.csproj", "{BBDBF9F2-D23F-4D91-B8B5-AF853581AA91}"
EndProject
Project("{9A19103F-16F7-4668-BE54-9A1E7A4F7556}") = "GroupJoin", "Joins\GroupJoin\GroupJoin.csproj", "{07B364D8-33E3-49CA-AE81-673532E1754D}"
EndProject
Project("{9A19103F-16F7-4668-BE54-9A1E7A4F7556}") = "LeftJoin", "Joins\LeftJoin\LeftJoin.csproj", "{C9843CDB-FD60-430D-9521-E9B2E719ED75}"
EndProject
Project("{9A19103F-16F7-4668-BE54-9A1E7A4F7556}") = "FullJoin", "Joins\FullJoin\FullJoin.csproj", "{72A9079A-1475-494E-AEB2-25DB36B6F3E1}"
EndProject
Project("{9A19103F-16F7-4668-BE54-9A1E7A4F7556}") = "GroupBy", "LinqOperators\GroupBy\GroupBy.csproj", "{38C7218B-3ED4-4B61-ADFB-C2838FEC86BD}"
EndProject
Project("{FAE04EC0-301F-11D3-BF4B-00C04F79EFBC}") = "CrossJoin", "Joins\CrossJoin\CrossJoin.csproj", "{9B1FBB5F-2E56-4FCE-A459-5721AD066B76}"
EndProject
Project("{2150E333-8FDC-42A3-9474-1A3956D46DE8}") = "ElementOperators", "ElementOperators", "{8CE560A6-D6AD-4499-9B70-774C53114DFE}"
EndProject
Project("{9A19103F-16F7-4668-BE54-9A1E7A4F7556}") = "ElementAt", "LinqOperators\ElementOperators\ElementAt\ElementAt.csproj", "{83247C4F-BD9C-441A-B225-3FFEB02728BD}"
EndProject
Project("{FAE04EC0-301F-11D3-BF4B-00C04F79EFBC}") = "Last", "LinqOperators\ElementOperators\Last\Last.csproj", "{A3D5BD96-BCB6-4C6D-BDD0-DF2CF0C9D2BA}"
EndProject
Project("{9A19103F-16F7-4668-BE54-9A1E7A4F7556}") = "First", "LinqOperators\ElementOperators\First\First.csproj", "{DEF7C82B-3494-4250-ACA9-A2192F25E431}"
EndProject
Project("{FAE04EC0-301F-11D3-BF4B-00C04F79EFBC}") = "Single", "LinqOperators\ElementOperators\Single\Single.csproj", "{B7E17891-9CFC-4E6C-9B88-FD437DDAED14}"
EndProject
Project("{FAE04EC0-301F-11D3-BF4B-00C04F79EFBC}") = "DefaultIfNull", "LinqOperators\ElementOperators\DefaultIfNull\DefaultIfNull.csproj", "{E2EEE021-21B9-4D69-B908-91F671130C7C}"
EndProject
Global
	GlobalSection(SolutionConfigurationPlatforms) = preSolution
		Debug|Any CPU = Debug|Any CPU
		Release|Any CPU = Release|Any CPU
	EndGlobalSection
	GlobalSection(ProjectConfigurationPlatforms) = postSolution
		{033B6468-D8FB-48A5-9D2C-AE950F0A3A84}.Debug|Any CPU.ActiveCfg = Debug|Any CPU
		{033B6468-D8FB-48A5-9D2C-AE950F0A3A84}.Debug|Any CPU.Build.0 = Debug|Any CPU
		{033B6468-D8FB-48A5-9D2C-AE950F0A3A84}.Release|Any CPU.ActiveCfg = Release|Any CPU
		{033B6468-D8FB-48A5-9D2C-AE950F0A3A84}.Release|Any CPU.Build.0 = Release|Any CPU
		{8D19A0C0-0FD5-4A45-A51B-4AE98E246792}.Debug|Any CPU.ActiveCfg = Debug|Any CPU
		{8D19A0C0-0FD5-4A45-A51B-4AE98E246792}.Debug|Any CPU.Build.0 = Debug|Any CPU
		{8D19A0C0-0FD5-4A45-A51B-4AE98E246792}.Release|Any CPU.ActiveCfg = Release|Any CPU
		{8D19A0C0-0FD5-4A45-A51B-4AE98E246792}.Release|Any CPU.Build.0 = Release|Any CPU
		{9753ECA6-D9A3-4BE2-9D4F-621192FB2EAE}.Debug|Any CPU.ActiveCfg = Debug|Any CPU
		{9753ECA6-D9A3-4BE2-9D4F-621192FB2EAE}.Debug|Any CPU.Build.0 = Debug|Any CPU
		{9753ECA6-D9A3-4BE2-9D4F-621192FB2EAE}.Release|Any CPU.ActiveCfg = Release|Any CPU
		{9753ECA6-D9A3-4BE2-9D4F-621192FB2EAE}.Release|Any CPU.Build.0 = Release|Any CPU
		{CEAFC538-DAB5-493F-A4F9-862487C01538}.Debug|Any CPU.ActiveCfg = Debug|Any CPU
		{CEAFC538-DAB5-493F-A4F9-862487C01538}.Debug|Any CPU.Build.0 = Debug|Any CPU
		{CEAFC538-DAB5-493F-A4F9-862487C01538}.Release|Any CPU.ActiveCfg = Release|Any CPU
		{CEAFC538-DAB5-493F-A4F9-862487C01538}.Release|Any CPU.Build.0 = Release|Any CPU
		{907CF7FE-19C1-497D-A2C3-DADDFB243F9D}.Debug|Any CPU.ActiveCfg = Debug|Any CPU
		{907CF7FE-19C1-497D-A2C3-DADDFB243F9D}.Debug|Any CPU.Build.0 = Debug|Any CPU
		{907CF7FE-19C1-497D-A2C3-DADDFB243F9D}.Release|Any CPU.ActiveCfg = Release|Any CPU
		{907CF7FE-19C1-497D-A2C3-DADDFB243F9D}.Release|Any CPU.Build.0 = Release|Any CPU
		{A2D6D2D8-4F30-40E4-83D3-851D281EFDE5}.Debug|Any CPU.ActiveCfg = Debug|Any CPU
		{A2D6D2D8-4F30-40E4-83D3-851D281EFDE5}.Debug|Any CPU.Build.0 = Debug|Any CPU
		{A2D6D2D8-4F30-40E4-83D3-851D281EFDE5}.Release|Any CPU.ActiveCfg = Release|Any CPU
		{A2D6D2D8-4F30-40E4-83D3-851D281EFDE5}.Release|Any CPU.Build.0 = Release|Any CPU
		{1C10A4AB-1D81-43A0-9D66-EE9FA4161E74}.Debug|Any CPU.ActiveCfg = Debug|Any CPU
		{1C10A4AB-1D81-43A0-9D66-EE9FA4161E74}.Debug|Any CPU.Build.0 = Debug|Any CPU
		{1C10A4AB-1D81-43A0-9D66-EE9FA4161E74}.Release|Any CPU.ActiveCfg = Release|Any CPU
		{1C10A4AB-1D81-43A0-9D66-EE9FA4161E74}.Release|Any CPU.Build.0 = Release|Any CPU
		{F4A45665-79F4-4AAA-A705-4F969814B184}.Debug|Any CPU.ActiveCfg = Debug|Any CPU
		{F4A45665-79F4-4AAA-A705-4F969814B184}.Debug|Any CPU.Build.0 = Debug|Any CPU
		{F4A45665-79F4-4AAA-A705-4F969814B184}.Release|Any CPU.ActiveCfg = Release|Any CPU
		{F4A45665-79F4-4AAA-A705-4F969814B184}.Release|Any CPU.Build.0 = Release|Any CPU
		{A3A249EA-9311-494D-89C4-1BC9E1924C03}.Debug|Any CPU.ActiveCfg = Debug|Any CPU
		{A3A249EA-9311-494D-89C4-1BC9E1924C03}.Debug|Any CPU.Build.0 = Debug|Any CPU
		{A3A249EA-9311-494D-89C4-1BC9E1924C03}.Release|Any CPU.ActiveCfg = Release|Any CPU
		{A3A249EA-9311-494D-89C4-1BC9E1924C03}.Release|Any CPU.Build.0 = Release|Any CPU
		{8548F493-B87D-43E6-ABC6-EB7E0E865E73}.Debug|Any CPU.ActiveCfg = Debug|Any CPU
		{8548F493-B87D-43E6-ABC6-EB7E0E865E73}.Debug|Any CPU.Build.0 = Debug|Any CPU
		{8548F493-B87D-43E6-ABC6-EB7E0E865E73}.Release|Any CPU.ActiveCfg = Release|Any CPU
		{8548F493-B87D-43E6-ABC6-EB7E0E865E73}.Release|Any CPU.Build.0 = Release|Any CPU
		{A0FDF2CA-781E-4548-B91D-895650095CE5}.Debug|Any CPU.ActiveCfg = Debug|Any CPU
		{A0FDF2CA-781E-4548-B91D-895650095CE5}.Debug|Any CPU.Build.0 = Debug|Any CPU
		{A0FDF2CA-781E-4548-B91D-895650095CE5}.Release|Any CPU.ActiveCfg = Release|Any CPU
		{A0FDF2CA-781E-4548-B91D-895650095CE5}.Release|Any CPU.Build.0 = Release|Any CPU
		{BCD47908-A69D-49C6-BF8F-B35EFD06AD04}.Debug|Any CPU.ActiveCfg = Debug|Any CPU
		{BCD47908-A69D-49C6-BF8F-B35EFD06AD04}.Debug|Any CPU.Build.0 = Debug|Any CPU
		{BCD47908-A69D-49C6-BF8F-B35EFD06AD04}.Release|Any CPU.ActiveCfg = Release|Any CPU
		{BCD47908-A69D-49C6-BF8F-B35EFD06AD04}.Release|Any CPU.Build.0 = Release|Any CPU
		{9138E2E8-F3DB-40C2-8328-6807468F4334}.Debug|Any CPU.ActiveCfg = Debug|Any CPU
		{9138E2E8-F3DB-40C2-8328-6807468F4334}.Debug|Any CPU.Build.0 = Debug|Any CPU
		{9138E2E8-F3DB-40C2-8328-6807468F4334}.Release|Any CPU.ActiveCfg = Release|Any CPU
		{9138E2E8-F3DB-40C2-8328-6807468F4334}.Release|Any CPU.Build.0 = Release|Any CPU
		{2F80AACE-C8C1-4950-A2A0-B8682AD4FAA5}.Debug|Any CPU.ActiveCfg = Debug|Any CPU
		{2F80AACE-C8C1-4950-A2A0-B8682AD4FAA5}.Debug|Any CPU.Build.0 = Debug|Any CPU
		{2F80AACE-C8C1-4950-A2A0-B8682AD4FAA5}.Release|Any CPU.ActiveCfg = Release|Any CPU
		{2F80AACE-C8C1-4950-A2A0-B8682AD4FAA5}.Release|Any CPU.Build.0 = Release|Any CPU
		{D387B102-9BF1-46D2-A54A-042AAF98858F}.Debug|Any CPU.ActiveCfg = Debug|Any CPU
		{D387B102-9BF1-46D2-A54A-042AAF98858F}.Debug|Any CPU.Build.0 = Debug|Any CPU
		{D387B102-9BF1-46D2-A54A-042AAF98858F}.Release|Any CPU.ActiveCfg = Release|Any CPU
		{D387B102-9BF1-46D2-A54A-042AAF98858F}.Release|Any CPU.Build.0 = Release|Any CPU
		{F87AE92D-CDF2-4B24-94F2-76643014A35E}.Debug|Any CPU.ActiveCfg = Debug|Any CPU
		{F87AE92D-CDF2-4B24-94F2-76643014A35E}.Debug|Any CPU.Build.0 = Debug|Any CPU
		{F87AE92D-CDF2-4B24-94F2-76643014A35E}.Release|Any CPU.ActiveCfg = Release|Any CPU
		{F87AE92D-CDF2-4B24-94F2-76643014A35E}.Release|Any CPU.Build.0 = Release|Any CPU
		{BCAF1231-0263-404C-B9D9-F7FF38675F57}.Debug|Any CPU.ActiveCfg = Debug|Any CPU
		{BCAF1231-0263-404C-B9D9-F7FF38675F57}.Debug|Any CPU.Build.0 = Debug|Any CPU
		{BCAF1231-0263-404C-B9D9-F7FF38675F57}.Release|Any CPU.ActiveCfg = Release|Any CPU
		{BCAF1231-0263-404C-B9D9-F7FF38675F57}.Release|Any CPU.Build.0 = Release|Any CPU
		{6DB90CAB-E344-4E60-8B0B-F1FBD756D53F}.Debug|Any CPU.ActiveCfg = Debug|Any CPU
		{6DB90CAB-E344-4E60-8B0B-F1FBD756D53F}.Debug|Any CPU.Build.0 = Debug|Any CPU
		{6DB90CAB-E344-4E60-8B0B-F1FBD756D53F}.Release|Any CPU.ActiveCfg = Release|Any CPU
		{6DB90CAB-E344-4E60-8B0B-F1FBD756D53F}.Release|Any CPU.Build.0 = Release|Any CPU
		{3A3740B6-6562-43DB-8490-2A73F0C2E22D}.Debug|Any CPU.ActiveCfg = Debug|Any CPU
		{3A3740B6-6562-43DB-8490-2A73F0C2E22D}.Debug|Any CPU.Build.0 = Debug|Any CPU
		{3A3740B6-6562-43DB-8490-2A73F0C2E22D}.Release|Any CPU.ActiveCfg = Release|Any CPU
		{3A3740B6-6562-43DB-8490-2A73F0C2E22D}.Release|Any CPU.Build.0 = Release|Any CPU
		{6A464C48-40C0-4771-9251-599639BEC7E7}.Debug|Any CPU.ActiveCfg = Debug|Any CPU
		{6A464C48-40C0-4771-9251-599639BEC7E7}.Debug|Any CPU.Build.0 = Debug|Any CPU
		{6A464C48-40C0-4771-9251-599639BEC7E7}.Release|Any CPU.ActiveCfg = Release|Any CPU
		{6A464C48-40C0-4771-9251-599639BEC7E7}.Release|Any CPU.Build.0 = Release|Any CPU
		{323110E5-BCDF-4D53-915D-28C24373E93D}.Debug|Any CPU.ActiveCfg = Debug|Any CPU
		{323110E5-BCDF-4D53-915D-28C24373E93D}.Debug|Any CPU.Build.0 = Debug|Any CPU
		{323110E5-BCDF-4D53-915D-28C24373E93D}.Release|Any CPU.ActiveCfg = Release|Any CPU
		{323110E5-BCDF-4D53-915D-28C24373E93D}.Release|Any CPU.Build.0 = Release|Any CPU
		{948CB28B-7039-4AAF-89E1-6CBA3731B8D3}.Debug|Any CPU.ActiveCfg = Debug|Any CPU
		{948CB28B-7039-4AAF-89E1-6CBA3731B8D3}.Debug|Any CPU.Build.0 = Debug|Any CPU
		{948CB28B-7039-4AAF-89E1-6CBA3731B8D3}.Release|Any CPU.ActiveCfg = Release|Any CPU
		{948CB28B-7039-4AAF-89E1-6CBA3731B8D3}.Release|Any CPU.Build.0 = Release|Any CPU
		{2BECCD58-0D69-4D77-B83D-31AF0AEB0D91}.Debug|Any CPU.ActiveCfg = Debug|Any CPU
		{2BECCD58-0D69-4D77-B83D-31AF0AEB0D91}.Debug|Any CPU.Build.0 = Debug|Any CPU
		{2BECCD58-0D69-4D77-B83D-31AF0AEB0D91}.Release|Any CPU.ActiveCfg = Release|Any CPU
		{2BECCD58-0D69-4D77-B83D-31AF0AEB0D91}.Release|Any CPU.Build.0 = Release|Any CPU
		{AE512C67-E282-4BF7-B343-5210936041CB}.Debug|Any CPU.ActiveCfg = Debug|Any CPU
		{AE512C67-E282-4BF7-B343-5210936041CB}.Debug|Any CPU.Build.0 = Debug|Any CPU
		{AE512C67-E282-4BF7-B343-5210936041CB}.Release|Any CPU.ActiveCfg = Release|Any CPU
		{AE512C67-E282-4BF7-B343-5210936041CB}.Release|Any CPU.Build.0 = Release|Any CPU
		{D1498E89-3A4F-43FC-B629-180F5E961C63}.Debug|Any CPU.ActiveCfg = Debug|Any CPU
		{D1498E89-3A4F-43FC-B629-180F5E961C63}.Debug|Any CPU.Build.0 = Debug|Any CPU
		{D1498E89-3A4F-43FC-B629-180F5E961C63}.Release|Any CPU.ActiveCfg = Release|Any CPU
		{D1498E89-3A4F-43FC-B629-180F5E961C63}.Release|Any CPU.Build.0 = Release|Any CPU
		{0C17DB9D-1871-4892-B09C-5456D4DBD1BB}.Debug|Any CPU.ActiveCfg = Debug|Any CPU
		{0C17DB9D-1871-4892-B09C-5456D4DBD1BB}.Debug|Any CPU.Build.0 = Debug|Any CPU
		{0C17DB9D-1871-4892-B09C-5456D4DBD1BB}.Release|Any CPU.ActiveCfg = Release|Any CPU
		{0C17DB9D-1871-4892-B09C-5456D4DBD1BB}.Release|Any CPU.Build.0 = Release|Any CPU
		{5E8303B3-6F14-4C29-9C54-4BF10D9108EF}.Debug|Any CPU.ActiveCfg = Debug|Any CPU
		{5E8303B3-6F14-4C29-9C54-4BF10D9108EF}.Debug|Any CPU.Build.0 = Debug|Any CPU
		{5E8303B3-6F14-4C29-9C54-4BF10D9108EF}.Release|Any CPU.ActiveCfg = Release|Any CPU
		{5E8303B3-6F14-4C29-9C54-4BF10D9108EF}.Release|Any CPU.Build.0 = Release|Any CPU
		{8F89CBD5-BE55-4EA1-939F-B1C07D381E6E}.Debug|Any CPU.ActiveCfg = Debug|Any CPU
		{8F89CBD5-BE55-4EA1-939F-B1C07D381E6E}.Debug|Any CPU.Build.0 = Debug|Any CPU
		{8F89CBD5-BE55-4EA1-939F-B1C07D381E6E}.Release|Any CPU.ActiveCfg = Release|Any CPU
		{8F89CBD5-BE55-4EA1-939F-B1C07D381E6E}.Release|Any CPU.Build.0 = Release|Any CPU
		{BBDBF9F2-D23F-4D91-B8B5-AF853581AA91}.Debug|Any CPU.ActiveCfg = Debug|Any CPU
		{BBDBF9F2-D23F-4D91-B8B5-AF853581AA91}.Debug|Any CPU.Build.0 = Debug|Any CPU
		{BBDBF9F2-D23F-4D91-B8B5-AF853581AA91}.Release|Any CPU.ActiveCfg = Release|Any CPU
		{BBDBF9F2-D23F-4D91-B8B5-AF853581AA91}.Release|Any CPU.Build.0 = Release|Any CPU
		{07B364D8-33E3-49CA-AE81-673532E1754D}.Debug|Any CPU.ActiveCfg = Debug|Any CPU
		{07B364D8-33E3-49CA-AE81-673532E1754D}.Debug|Any CPU.Build.0 = Debug|Any CPU
		{07B364D8-33E3-49CA-AE81-673532E1754D}.Release|Any CPU.ActiveCfg = Release|Any CPU
		{07B364D8-33E3-49CA-AE81-673532E1754D}.Release|Any CPU.Build.0 = Release|Any CPU
		{C9843CDB-FD60-430D-9521-E9B2E719ED75}.Debug|Any CPU.ActiveCfg = Debug|Any CPU
		{C9843CDB-FD60-430D-9521-E9B2E719ED75}.Debug|Any CPU.Build.0 = Debug|Any CPU
		{C9843CDB-FD60-430D-9521-E9B2E719ED75}.Release|Any CPU.ActiveCfg = Release|Any CPU
		{C9843CDB-FD60-430D-9521-E9B2E719ED75}.Release|Any CPU.Build.0 = Release|Any CPU
		{72A9079A-1475-494E-AEB2-25DB36B6F3E1}.Debug|Any CPU.ActiveCfg = Debug|Any CPU
		{72A9079A-1475-494E-AEB2-25DB36B6F3E1}.Debug|Any CPU.Build.0 = Debug|Any CPU
		{72A9079A-1475-494E-AEB2-25DB36B6F3E1}.Release|Any CPU.ActiveCfg = Release|Any CPU
		{72A9079A-1475-494E-AEB2-25DB36B6F3E1}.Release|Any CPU.Build.0 = Release|Any CPU
		{38C7218B-3ED4-4B61-ADFB-C2838FEC86BD}.Debug|Any CPU.ActiveCfg = Debug|Any CPU
		{38C7218B-3ED4-4B61-ADFB-C2838FEC86BD}.Debug|Any CPU.Build.0 = Debug|Any CPU
		{38C7218B-3ED4-4B61-ADFB-C2838FEC86BD}.Release|Any CPU.ActiveCfg = Release|Any CPU
		{38C7218B-3ED4-4B61-ADFB-C2838FEC86BD}.Release|Any CPU.Build.0 = Release|Any CPU
		{9B1FBB5F-2E56-4FCE-A459-5721AD066B76}.Debug|Any CPU.ActiveCfg = Debug|Any CPU
		{9B1FBB5F-2E56-4FCE-A459-5721AD066B76}.Debug|Any CPU.Build.0 = Debug|Any CPU
		{9B1FBB5F-2E56-4FCE-A459-5721AD066B76}.Release|Any CPU.ActiveCfg = Release|Any CPU
		{9B1FBB5F-2E56-4FCE-A459-5721AD066B76}.Release|Any CPU.Build.0 = Release|Any CPU
		{83247C4F-BD9C-441A-B225-3FFEB02728BD}.Debug|Any CPU.ActiveCfg = Debug|Any CPU
		{83247C4F-BD9C-441A-B225-3FFEB02728BD}.Debug|Any CPU.Build.0 = Debug|Any CPU
		{83247C4F-BD9C-441A-B225-3FFEB02728BD}.Release|Any CPU.ActiveCfg = Release|Any CPU
		{83247C4F-BD9C-441A-B225-3FFEB02728BD}.Release|Any CPU.Build.0 = Release|Any CPU
		{A3D5BD96-BCB6-4C6D-BDD0-DF2CF0C9D2BA}.Debug|Any CPU.ActiveCfg = Debug|Any CPU
		{A3D5BD96-BCB6-4C6D-BDD0-DF2CF0C9D2BA}.Debug|Any CPU.Build.0 = Debug|Any CPU
		{A3D5BD96-BCB6-4C6D-BDD0-DF2CF0C9D2BA}.Release|Any CPU.ActiveCfg = Release|Any CPU
		{A3D5BD96-BCB6-4C6D-BDD0-DF2CF0C9D2BA}.Release|Any CPU.Build.0 = Release|Any CPU
		{DEF7C82B-3494-4250-ACA9-A2192F25E431}.Debug|Any CPU.ActiveCfg = Debug|Any CPU
		{DEF7C82B-3494-4250-ACA9-A2192F25E431}.Debug|Any CPU.Build.0 = Debug|Any CPU
		{DEF7C82B-3494-4250-ACA9-A2192F25E431}.Release|Any CPU.ActiveCfg = Release|Any CPU
		{DEF7C82B-3494-4250-ACA9-A2192F25E431}.Release|Any CPU.Build.0 = Release|Any CPU
		{B7E17891-9CFC-4E6C-9B88-FD437DDAED14}.Debug|Any CPU.ActiveCfg = Debug|Any CPU
		{B7E17891-9CFC-4E6C-9B88-FD437DDAED14}.Debug|Any CPU.Build.0 = Debug|Any CPU
		{B7E17891-9CFC-4E6C-9B88-FD437DDAED14}.Release|Any CPU.ActiveCfg = Release|Any CPU
		{B7E17891-9CFC-4E6C-9B88-FD437DDAED14}.Release|Any CPU.Build.0 = Release|Any CPU
		{E2EEE021-21B9-4D69-B908-91F671130C7C}.Debug|Any CPU.ActiveCfg = Debug|Any CPU
		{E2EEE021-21B9-4D69-B908-91F671130C7C}.Debug|Any CPU.Build.0 = Debug|Any CPU
		{E2EEE021-21B9-4D69-B908-91F671130C7C}.Release|Any CPU.ActiveCfg = Release|Any CPU
		{E2EEE021-21B9-4D69-B908-91F671130C7C}.Release|Any CPU.Build.0 = Release|Any CPU
	EndGlobalSection
	GlobalSection(SolutionProperties) = preSolution
		HideSolutionNode = FALSE
	EndGlobalSection
	GlobalSection(NestedProjects) = preSolution
		{033B6468-D8FB-48A5-9D2C-AE950F0A3A84} = {7F510542-6399-4FDA-A255-6EB8B28BA098}
		{8D19A0C0-0FD5-4A45-A51B-4AE98E246792} = {7F510542-6399-4FDA-A255-6EB8B28BA098}
		{9753ECA6-D9A3-4BE2-9D4F-621192FB2EAE} = {7F510542-6399-4FDA-A255-6EB8B28BA098}
		{3F20C6D3-FE60-4A6F-824B-ACF78627869A} = {EBA01AA4-1F62-448E-836F-D6325C24DC4A}
		{273212B4-6329-4824-B3DD-151F97EA9EDE} = {EBA01AA4-1F62-448E-836F-D6325C24DC4A}
		{F7296110-B879-433F-B454-9968AEF7CF42} = {EBA01AA4-1F62-448E-836F-D6325C24DC4A}
		{CEAFC538-DAB5-493F-A4F9-862487C01538} = {273212B4-6329-4824-B3DD-151F97EA9EDE}
		{907CF7FE-19C1-497D-A2C3-DADDFB243F9D} = {273212B4-6329-4824-B3DD-151F97EA9EDE}
		{A2D6D2D8-4F30-40E4-83D3-851D281EFDE5} = {F7296110-B879-433F-B454-9968AEF7CF42}
		{1C10A4AB-1D81-43A0-9D66-EE9FA4161E74} = {F7296110-B879-433F-B454-9968AEF7CF42}
		{F4A45665-79F4-4AAA-A705-4F969814B184} = {3F20C6D3-FE60-4A6F-824B-ACF78627869A}
		{A3A249EA-9311-494D-89C4-1BC9E1924C03} = {A674B017-05DB-47B0-B0B8-DD2DD60ADF06}
		{8548F493-B87D-43E6-ABC6-EB7E0E865E73} = {A674B017-05DB-47B0-B0B8-DD2DD60ADF06}
		{A0FDF2CA-781E-4548-B91D-895650095CE5} = {3F20C6D3-FE60-4A6F-824B-ACF78627869A}
		{BCD47908-A69D-49C6-BF8F-B35EFD06AD04} = {3F20C6D3-FE60-4A6F-824B-ACF78627869A}
		{9138E2E8-F3DB-40C2-8328-6807468F4334} = {3F20C6D3-FE60-4A6F-824B-ACF78627869A}
		{2F80AACE-C8C1-4950-A2A0-B8682AD4FAA5} = {3F20C6D3-FE60-4A6F-824B-ACF78627869A}
		{584FB889-D61F-42C3-853C-5FDB9A6F2F7E} = {EBA01AA4-1F62-448E-836F-D6325C24DC4A}
		{D387B102-9BF1-46D2-A54A-042AAF98858F} = {584FB889-D61F-42C3-853C-5FDB9A6F2F7E}
		{F87AE92D-CDF2-4B24-94F2-76643014A35E} = {584FB889-D61F-42C3-853C-5FDB9A6F2F7E}
		{BCAF1231-0263-404C-B9D9-F7FF38675F57} = {584FB889-D61F-42C3-853C-5FDB9A6F2F7E}
		{6DB90CAB-E344-4E60-8B0B-F1FBD756D53F} = {584FB889-D61F-42C3-853C-5FDB9A6F2F7E}
		{3B6DEBEC-B1CF-4AB2-8BDE-D34AE0EDD8C4} = {EBA01AA4-1F62-448E-836F-D6325C24DC4A}
		{3A3740B6-6562-43DB-8490-2A73F0C2E22D} = {3B6DEBEC-B1CF-4AB2-8BDE-D34AE0EDD8C4}
		{6A464C48-40C0-4771-9251-599639BEC7E7} = {3B6DEBEC-B1CF-4AB2-8BDE-D34AE0EDD8C4}
		{323110E5-BCDF-4D53-915D-28C24373E93D} = {3B6DEBEC-B1CF-4AB2-8BDE-D34AE0EDD8C4}
		{948CB28B-7039-4AAF-89E1-6CBA3731B8D3} = {3B6DEBEC-B1CF-4AB2-8BDE-D34AE0EDD8C4}
		{2BECCD58-0D69-4D77-B83D-31AF0AEB0D91} = {3B6DEBEC-B1CF-4AB2-8BDE-D34AE0EDD8C4}
		{AE512C67-E282-4BF7-B343-5210936041CB} = {3B6DEBEC-B1CF-4AB2-8BDE-D34AE0EDD8C4}
		{E6736DE5-A73B-4C0E-A6E1-2CA76EA22514} = {EBA01AA4-1F62-448E-836F-D6325C24DC4A}
		{D1498E89-3A4F-43FC-B629-180F5E961C63} = {E6736DE5-A73B-4C0E-A6E1-2CA76EA22514}
		{0C17DB9D-1871-4892-B09C-5456D4DBD1BB} = {E6736DE5-A73B-4C0E-A6E1-2CA76EA22514}
		{5E8303B3-6F14-4C29-9C54-4BF10D9108EF} = {E6736DE5-A73B-4C0E-A6E1-2CA76EA22514}
		{BBDBF9F2-D23F-4D91-B8B5-AF853581AA91} = {5932B6A4-6D7F-4A82-BFBB-FCA083A71269}
		{07B364D8-33E3-49CA-AE81-673532E1754D} = {5932B6A4-6D7F-4A82-BFBB-FCA083A71269}
		{C9843CDB-FD60-430D-9521-E9B2E719ED75} = {5932B6A4-6D7F-4A82-BFBB-FCA083A71269}
		{72A9079A-1475-494E-AEB2-25DB36B6F3E1} = {5932B6A4-6D7F-4A82-BFBB-FCA083A71269}
		{38C7218B-3ED4-4B61-ADFB-C2838FEC86BD} = {EBA01AA4-1F62-448E-836F-D6325C24DC4A}
		{9B1FBB5F-2E56-4FCE-A459-5721AD066B76} = {5932B6A4-6D7F-4A82-BFBB-FCA083A71269}
		{8CE560A6-D6AD-4499-9B70-774C53114DFE} = {EBA01AA4-1F62-448E-836F-D6325C24DC4A}
		{83247C4F-BD9C-441A-B225-3FFEB02728BD} = {8CE560A6-D6AD-4499-9B70-774C53114DFE}
		{A3D5BD96-BCB6-4C6D-BDD0-DF2CF0C9D2BA} = {8CE560A6-D6AD-4499-9B70-774C53114DFE}
		{DEF7C82B-3494-4250-ACA9-A2192F25E431} = {8CE560A6-D6AD-4499-9B70-774C53114DFE}
		{B7E17891-9CFC-4E6C-9B88-FD437DDAED14} = {8CE560A6-D6AD-4499-9B70-774C53114DFE}
		{E2EEE021-21B9-4D69-B908-91F671130C7C} = {8CE560A6-D6AD-4499-9B70-774C53114DFE}
	EndGlobalSection
	GlobalSection(ExtensibilityGlobals) = postSolution
		SolutionGuid = {0E9F8C49-5163-4014-93A7-686B7B04061B}
	EndGlobalSection
EndGlobal
