
Microsoft Visual Studio Solution File, Format Version 12.00
# Visual Studio Version 17
VisualStudioVersion = 17.8.34525.116
MinimumVisualStudioVersion = 10.0.40219.1
Project("{FAE04EC0-301F-11D3-BF4B-00C04F79EFBC}") = "TypeCasting", "TypeCasting.csproj", "{537F81A6-EB52-4A1E-B1B0-615D269EB62B}"
EndProject
Global
	GlobalSection(SolutionConfigurationPlatforms) = preSolution
		Debug|Any CPU = Debug|Any CPU
		Release|Any CPU = Release|Any CPU
	EndGlobalSection
	GlobalSection(ProjectConfigurationPlatforms) = postSolution
		{537F81A6-EB52-4A1E-B1B0-615D269EB62B}.Debug|Any CPU.ActiveCfg = Debug|Any CPU
		{537F81A6-EB52-4A1E-B1B0-615D269EB62B}.Debug|Any CPU.Build.0 = Debug|Any CPU
		{537F81A6-EB52-4A1E-B1B0-615D269EB62B}.Release|Any CPU.ActiveCfg = Release|Any CPU
		{537F81A6-EB52-4A1E-B1B0-615D269EB62B}.Release|Any CPU.Build.0 = Release|Any CPU
	EndGlobalSection
	GlobalSection(SolutionProperties) = preSolution
		HideSolutionNode = FALSE
	EndGlobalSection
	GlobalSection(ExtensibilityGlobals) = postSolution
		SolutionGuid = {C4D01340-5F10-43D9-BD4A-D057BAE4B590}
	EndGlobalSection
EndGlobal
