
Microsoft Visual Studio Solution File, Format Version 12.00
# Visual Studio Version 17
VisualStudioVersion = 17.9.34607.119
MinimumVisualStudioVersion = 10.0.40219.1
Project("{FAE04EC0-301F-11D3-BF4B-00C04F79EFBC}") = "Routing", "Routing.csproj", "{4FD898EC-8A44-4824-B8E5-D83D3199628B}"
EndProject
Global
	GlobalSection(SolutionConfigurationPlatforms) = preSolution
		Debug|Any CPU = Debug|Any CPU
		Release|Any CPU = Release|Any CPU
	EndGlobalSection
	GlobalSection(ProjectConfigurationPlatforms) = postSolution
		{4FD898EC-8A44-4824-B8E5-D83D3199628B}.Debug|Any CPU.ActiveCfg = Debug|Any CPU
		{4FD898EC-8A44-4824-B8E5-D83D3199628B}.Debug|Any CPU.Build.0 = Debug|Any CPU
		{4FD898EC-8A44-4824-B8E5-D83D3199628B}.Release|Any CPU.ActiveCfg = Release|Any CPU
		{4FD898EC-8A44-4824-B8E5-D83D3199628B}.Release|Any CPU.Build.0 = Release|Any CPU
	EndGlobalSection
	GlobalSection(SolutionProperties) = preSolution
		HideSolutionNode = FALSE
	EndGlobalSection
	GlobalSection(ExtensibilityGlobals) = postSolution
		SolutionGuid = {A358836B-1DAA-4A40-922B-C33797649368}
	EndGlobalSection
EndGlobal
